// !$*UTF8*$!
{
	archiveVersion = 1;
	classes = {
	};
	objectVersion = 46;
	objects = {

/* Begin PBXBuildFile section */
		6B3F51B21E21A0AC003CBF3E /* AppDelegate.swift in Sources */ = {isa = PBXBuildFile; fileRef = 6B3F51B11E21A0AC003CBF3E /* AppDelegate.swift */; };
		6B3F51B41E21A0AC003CBF3E /* ViewController.swift in Sources */ = {isa = PBXBuildFile; fileRef = 6B3F51B31E21A0AC003CBF3E /* ViewController.swift */; };
		6B3F51B71E21A0AC003CBF3E /* Main.storyboard in Resources */ = {isa = PBXBuildFile; fileRef = 6B3F51B51E21A0AC003CBF3E /* Main.storyboard */; };
		6B3F51B91E21A0AC003CBF3E /* Assets.xcassets in Resources */ = {isa = PBXBuildFile; fileRef = 6B3F51B81E21A0AC003CBF3E /* Assets.xcassets */; };
		6B3F51BC1E21A0AC003CBF3E /* LaunchScreen.storyboard in Resources */ = {isa = PBXBuildFile; fileRef = 6B3F51BA1E21A0AC003CBF3E /* LaunchScreen.storyboard */; };
		6B3F51C41E21B2D9003CBF3E /* InteractiveStory.swift in Sources */ = {isa = PBXBuildFile; fileRef = 6B3F51C31E21B2D9003CBF3E /* InteractiveStory.swift */; };
		6B3F51C61E228AD1003CBF3E /* PageController.swift in Sources */ = {isa = PBXBuildFile; fileRef = 6B3F51C51E228AD1003CBF3E /* PageController.swift */; };
		6B3F51CB1E22ECDD003CBF3E /* HappyEnding.wav in Resources */ = {isa = PBXBuildFile; fileRef = 6B3F51C81E22ECDD003CBF3E /* HappyEnding.wav */; };
		6B3F51CC1E22ECDD003CBF3E /* Ominous.wav in Resources */ = {isa = PBXBuildFile; fileRef = 6B3F51C91E22ECDD003CBF3E /* Ominous.wav */; };
		6B3F51CD1E22ECDD003CBF3E /* PageTurn.wav in Resources */ = {isa = PBXBuildFile; fileRef = 6B3F51CA1E22ECDD003CBF3E /* PageTurn.wav */; };
/* End PBXBuildFile section */

/* Begin PBXFileReference section */
		6B3F51AE1E21A0AC003CBF3E /* InteractiveStory.app */ = {isa = PBXFileReference; explicitFileType = wrapper.application; includeInIndex = 0; path = InteractiveStory.app; sourceTree = BUILT_PRODUCTS_DIR; };
		6B3F51B11E21A0AC003CBF3E /* AppDelegate.swift */ = {isa = PBXFileReference; lastKnownFileType = sourcecode.swift; path = AppDelegate.swift; sourceTree = "<group>"; };
		6B3F51B31E21A0AC003CBF3E /* ViewController.swift */ = {isa = PBXFileReference; lastKnownFileType = sourcecode.swift; path = ViewController.swift; sourceTree = "<group>"; };
		6B3F51B61E21A0AC003CBF3E /* Base */ = {isa = PBXFileReference; lastKnownFileType = file.storyboard; name = Base; path = Base.lproj/Main.storyboard; sourceTree = "<group>"; };
		6B3F51B81E21A0AC003CBF3E /* Assets.xcassets */ = {isa = PBXFileReference; lastKnownFileType = folder.assetcatalog; path = Assets.xcassets; sourceTree = "<group>"; };
		6B3F51BB1E21A0AC003CBF3E /* Base */ = {isa = PBXFileReference; lastKnownFileType = file.storyboard; name = Base; path = Base.lproj/LaunchScreen.storyboard; sourceTree = "<group>"; };
		6B3F51BD1E21A0AC003CBF3E /* Info.plist */ = {isa = PBXFileReference; lastKnownFileType = text.plist.xml; path = Info.plist; sourceTree = "<group>"; };
		6B3F51C31E21B2D9003CBF3E /* InteractiveStory.swift */ = {isa = PBXFileReference; fileEncoding = 4; lastKnownFileType = sourcecode.swift; path = InteractiveStory.swift; sourceTree = "<group>"; };
		6B3F51C51E228AD1003CBF3E /* PageController.swift */ = {isa = PBXFileReference; fileEncoding = 4; lastKnownFileType = sourcecode.swift; path = PageController.swift; sourceTree = "<group>"; };
		6B3F51C81E22ECDD003CBF3E /* HappyEnding.wav */ = {isa = PBXFileReference; lastKnownFileType = audio.wav; name = HappyEnding.wav; path = ../../../Users/bryanfinlayson/Downloads/Sounds/HappyEnding.wav; sourceTree = "<group>"; };
		6B3F51C91E22ECDD003CBF3E /* Ominous.wav */ = {isa = PBXFileReference; lastKnownFileType = audio.wav; name = Ominous.wav; path = ../../../Users/bryanfinlayson/Downloads/Sounds/Ominous.wav; sourceTree = "<group>"; };
		6B3F51CA1E22ECDD003CBF3E /* PageTurn.wav */ = {isa = PBXFileReference; lastKnownFileType = audio.wav; name = PageTurn.wav; path = ../../../Users/bryanfinlayson/Downloads/Sounds/PageTurn.wav; sourceTree = "<group>"; };
/* End PBXFileReference section */

/* Begin PBXFrameworksBuildPhase section */
		6B3F51AB1E21A0AC003CBF3E /* Frameworks */ = {
			isa = PBXFrameworksBuildPhase;
			buildActionMask = 2147483647;
			files = (
			);
			runOnlyForDeploymentPostprocessing = 0;
		};
/* End PBXFrameworksBuildPhase section */

/* Begin PBXGroup section */
		6B3F51A51E21A0AC003CBF3E = {
			isa = PBXGroup;
			children = (
				6B3F51B01E21A0AC003CBF3E /* InteractiveStory */,
				6B3F51AF1E21A0AC003CBF3E /* Products */,
			);
			sourceTree = "<group>";
		};
		6B3F51AF1E21A0AC003CBF3E /* Products */ = {
			isa = PBXGroup;
			children = (
				6B3F51AE1E21A0AC003CBF3E /* InteractiveStory.app */,
			);
			name = Products;
			sourceTree = "<group>";
		};
		6B3F51B01E21A0AC003CBF3E /* InteractiveStory */ = {
			isa = PBXGroup;
			children = (
				6B3F51B11E21A0AC003CBF3E /* AppDelegate.swift */,
				6B3F51B31E21A0AC003CBF3E /* ViewController.swift */,
				6B3F51C51E228AD1003CBF3E /* PageController.swift */,
				6B3F51C31E21B2D9003CBF3E /* InteractiveStory.swift */,
				6B3F51B51E21A0AC003CBF3E /* Main.storyboard */,
				6B3F51B81E21A0AC003CBF3E /* Assets.xcassets */,
				6B3F51BA1E21A0AC003CBF3E /* LaunchScreen.storyboard */,
				6B3F51BD1E21A0AC003CBF3E /* Info.plist */,
				6B3F51C71E22ECB4003CBF3E /* Resources */,
			);
			path = InteractiveStory;
			sourceTree = "<group>";
		};
		6B3F51C71E22ECB4003CBF3E /* Resources */ = {
			isa = PBXGroup;
			children = (
				6B3F51C81E22ECDD003CBF3E /* HappyEnding.wav */,
				6B3F51C91E22ECDD003CBF3E /* Ominous.wav */,
				6B3F51CA1E22ECDD003CBF3E /* PageTurn.wav */,
			);
			name = Resources;
			sourceTree = "<group>";
		};
/* End PBXGroup section */

/* Begin PBXNativeTarget section */
		6B3F51AD1E21A0AC003CBF3E /* InteractiveStory */ = {
			isa = PBXNativeTarget;
			buildConfigurationList = 6B3F51C01E21A0AC003CBF3E /* Build configuration list for PBXNativeTarget "InteractiveStory" */;
			buildPhases = (
				6B3F51AA1E21A0AC003CBF3E /* Sources */,
				6B3F51AB1E21A0AC003CBF3E /* Frameworks */,
				6B3F51AC1E21A0AC003CBF3E /* Resources */,
			);
			buildRules = (
			);
			dependencies = (
			);
			name = InteractiveStory;
			productName = InteractiveStory;
			productReference = 6B3F51AE1E21A0AC003CBF3E /* InteractiveStory.app */;
			productType = "com.apple.product-type.application";
		};
/* End PBXNativeTarget section */

/* Begin PBXProject section */
		6B3F51A61E21A0AC003CBF3E /* Project object */ = {
			isa = PBXProject;
			attributes = {
				LastSwiftUpdateCheck = 0730;
				LastUpgradeCheck = 0730;
				ORGANIZATIONNAME = "Bryan Finlayson";
				TargetAttributes = {
					6B3F51AD1E21A0AC003CBF3E = {
						CreatedOnToolsVersion = 7.3.1;
					};
				};
			};
			buildConfigurationList = 6B3F51A91E21A0AC003CBF3E /* Build configuration list for PBXProject "InteractiveStory" */;
			compatibilityVersion = "Xcode 3.2";
			developmentRegion = English;
			hasScannedForEncodings = 0;
			knownRegions = (
				en,
				Base,
			);
			mainGroup = 6B3F51A51E21A0AC003CBF3E;
			productRefGroup = 6B3F51AF1E21A0AC003CBF3E /* Products */;
			projectDirPath = "";
			projectRoot = "";
			targets = (
				6B3F51AD1E21A0AC003CBF3E /* InteractiveStory */,
			);
		};
/* End PBXProject section */

/* Begin PBXResourcesBuildPhase section */
		6B3F51AC1E21A0AC003CBF3E /* Resources */ = {
			isa = PBXResourcesBuildPhase;
			buildActionMask = 2147483647;
			files = (
				6B3F51CC1E22ECDD003CBF3E /* Ominous.wav in Resources */,
				6B3F51BC1E21A0AC003CBF3E /* LaunchScreen.storyboard in Resources */,
				6B3F51B91E21A0AC003CBF3E /* Assets.xcassets in Resources */,
				6B3F51CB1E22ECDD003CBF3E /* HappyEnding.wav in Resources */,
				6B3F51CD1E22ECDD003CBF3E /* PageTurn.wav in Resources */,
				6B3F51B71E21A0AC003CBF3E /* Main.storyboard in Resources */,
			);
			runOnlyForDeploymentPostprocessing = 0;
		};
/* End PBXResourcesBuildPhase section */

/* Begin PBXSourcesBuildPhase section */
		6B3F51AA1E21A0AC003CBF3E /* Sources */ = {
			isa = PBXSourcesBuildPhase;
			buildActionMask = 2147483647;
			files = (
				6B3F51C61E228AD1003CBF3E /* PageController.swift in Sources */,
				6B3F51C41E21B2D9003CBF3E /* InteractiveStory.swift in Sources */,
				6B3F51B41E21A0AC003CBF3E /* ViewController.swift in Sources */,
				6B3F51B21E21A0AC003CBF3E /* AppDelegate.swift in Sources */,
			);
			runOnlyForDeploymentPostprocessing = 0;
		};
/* End PBXSourcesBuildPhase section */

/* Begin PBXVariantGroup section */
		6B3F51B51E21A0AC003CBF3E /* Main.storyboard */ = {
			isa = PBXVariantGroup;
			children = (
				6B3F51B61E21A0AC003CBF3E /* Base */,
			);
			name = Main.storyboard;
			sourceTree = "<group>";
		};
		6B3F51BA1E21A0AC003CBF3E /* LaunchScreen.storyboard */ = {
			isa = PBXVariantGroup;
			children = (
				6B3F51BB1E21A0AC003CBF3E /* Base */,
			);
			name = LaunchScreen.storyboard;
			sourceTree = "<group>";
		};
/* End PBXVariantGroup section */

/* Begin XCBuildConfiguration section */
		6B3F51BE1E21A0AC003CBF3E /* Debug */ = {
			isa = XCBuildConfiguration;
			buildSettings = {
				ALWAYS_SEARCH_USER_PATHS = NO;
				CLANG_ANALYZER_NONNULL = YES;
				CLANG_CXX_LANGUAGE_STANDARD = "gnu++0x";
				CLANG_CXX_LIBRARY = "libc++";
				CLANG_ENABLE_MODULES = YES;
				CLANG_ENABLE_OBJC_ARC = YES;
				CLANG_WARN_BOOL_CONVERSION = YES;
				CLANG_WARN_CONSTANT_CONVERSION = YES;
				CLANG_WARN_DIRECT_OBJC_ISA_USAGE = YES_ERROR;
				CLANG_WARN_EMPTY_BODY = YES;
				CLANG_WARN_ENUM_CONVERSION = YES;
				CLANG_WARN_INT_CONVERSION = YES;
				CLANG_WARN_OBJC_ROOT_CLASS = YES_ERROR;
				CLANG_WARN_UNREACHABLE_CODE = YES;
				CLANG_WARN__DUPLICATE_METHOD_MATCH = YES;
				"CODE_SIGN_IDENTITY[sdk=iphoneos*]" = "iPhone Developer";
				COPY_PHASE_STRIP = NO;
				DEBUG_INFORMATION_FORMAT = dwarf;
				ENABLE_STRICT_OBJC_MSGSEND = YES;
				ENABLE_TESTABILITY = YES;
				GCC_C_LANGUAGE_STANDARD = gnu99;
				GCC_DYNAMIC_NO_PIC = NO;
				GCC_NO_COMMON_BLOCKS = YES;
				GCC_OPTIMIZATION_LEVEL = 0;
				GCC_PREPROCESSOR_DEFINITIONS = (
					"DEBUG=1",
					"$(inherited)",
				);
				GCC_WARN_64_TO_32_BIT_CONVERSION = YES;
				GCC_WARN_ABOUT_RETURN_TYPE = YES_ERROR;
				GCC_WARN_UNDECLARED_SELECTOR = YES;
				GCC_WARN_UNINITIALIZED_AUTOS = YES_AGGRESSIVE;
				GCC_WARN_UNUSED_FUNCTION = YES;
				GCC_WARN_UNUSED_VARIABLE = YES;
				IPHONEOS_DEPLOYMENT_TARGET = 9.3;
				MTL_ENABLE_DEBUG_INFO = YES;
				ONLY_ACTIVE_ARCH = YES;
				SDKROOT = iphoneos;
				SWIFT_OPTIMIZATION_LEVEL = "-Onone";
			};
			name = Debug;
		};
		6B3F51BF1E21A0AC003CBF3E /* Release */ = {
			isa = XCBuildConfiguration;
			buildSettings = {
				ALWAYS_SEARCH_USER_PATHS = NO;
				CLANG_ANALYZER_NONNULL = YES;
				CLANG_CXX_LANGUAGE_STANDARD = "gnu++0x";
				CLANG_CXX_LIBRARY = "libc++";
				CLANG_ENABLE_MODULES = YES;
				CLANG_ENABLE_OBJC_ARC = YES;
				CLANG_WARN_BOOL_CONVERSION = YES;
				CLANG_WARN_CONSTANT_CONVERSION = YES;
				CLANG_WARN_DIRECT_OBJC_ISA_USAGE = YES_ERROR;
				CLANG_WARN_EMPTY_BODY = YES;
				CLANG_WARN_ENUM_CONVERSION = YES;
				CLANG_WARN_INT_CONVERSION = YES;
				CLANG_WARN_OBJC_ROOT_CLASS = YES_ERROR;
				CLANG_WARN_UNREACHABLE_CODE = YES;
				CLANG_WARN__DUPLICATE_METHOD_MATCH = YES;
				"CODE_SIGN_IDENTITY[sdk=iphoneos*]" = "iPhone Developer";
				COPY_PHASE_STRIP = NO;
				DEBUG_INFORMATION_FORMAT = "dwarf-with-dsym";
				ENABLE_NS_ASSERTIONS = NO;
				ENABLE_STRICT_OBJC_MSGSEND = YES;
				GCC_C_LANGUAGE_STANDARD = gnu99;
				GCC_NO_COMMON_BLOCKS = YES;
				GCC_WARN_64_TO_32_BIT_CONVERSION = YES;
				GCC_WARN_ABOUT_RETURN_TYPE = YES_ERROR;
				GCC_WARN_UNDECLARED_SELECTOR = YES;
				GCC_WARN_UNINITIALIZED_AUTOS = YES_AGGRESSIVE;
				GCC_WARN_UNUSED_FUNCTION = YES;
				GCC_WARN_UNUSED_VARIABLE = YES;
				IPHONEOS_DEPLOYMENT_TARGET = 9.3;
				MTL_ENABLE_DEBUG_INFO = NO;
				SDKROOT = iphoneos;
				VALIDATE_PRODUCT = YES;
			};
			name = Release;
		};
		6B3F51C11E21A0AC003CBF3E /* Debug */ = {
			isa = XCBuildConfiguration;
			buildSettings = {
				ASSETCATALOG_COMPILER_APPICON_NAME = AppIcon;
				INFOPLIST_FILE = InteractiveStory/Info.plist;
				LD_RUNPATH_SEARCH_PATHS = "$(inherited) @executable_path/Frameworks";
				PRODUCT_BUNDLE_IDENTIFIER = BryanFinlayson.InteractiveStory;
				PRODUCT_NAME = "$(TARGET_NAME)";
			};
			name = Debug;
		};
		6B3F51C21E21A0AC003CBF3E /* Release */ = {
			isa = XCBuildConfiguration;
			buildSettings = {
				ASSETCATALOG_COMPILER_APPICON_NAME = AppIcon;
				INFOPLIST_FILE = InteractiveStory/Info.plist;
				LD_RUNPATH_SEARCH_PATHS = "$(inherited) @executable_path/Frameworks";
				PRODUCT_BUNDLE_IDENTIFIER = BryanFinlayson.InteractiveStory;
				PRODUCT_NAME = "$(TARGET_NAME)";
			};
			name = Release;
		};
/* End XCBuildConfiguration section */

/* Begin XCConfigurationList section */
		6B3F51A91E21A0AC003CBF3E /* Build configuration list for PBXProject "InteractiveStory" */ = {
			isa = XCConfigurationList;
			buildConfigurations = (
				6B3F51BE1E21A0AC003CBF3E /* Debug */,
				6B3F51BF1E21A0AC003CBF3E /* Release */,
			);
			defaultConfigurationIsVisible = 0;
			defaultConfigurationName = Release;
		};
		6B3F51C01E21A0AC003CBF3E /* Build configuration list for PBXNativeTarget "InteractiveStory" */ = {
			isa = XCConfigurationList;
			buildConfigurations = (
				6B3F51C11E21A0AC003CBF3E /* Debug */,
				6B3F51C21E21A0AC003CBF3E /* Release */,
			);
			defaultConfigurationIsVisible = 0;
		};
/* End XCConfigurationList section */
	};
	rootObject = 6B3F51A61E21A0AC003CBF3E /* Project object */;
}
